
Microsoft Visual Studio Solution File, Format Version 12.00
# Visual Studio Version 17
VisualStudioVersion = 17.4.33403.182
MinimumVisualStudioVersion = 10.0.40219.1
Project("{FAE04EC0-301F-11D3-BF4B-00C04F79EFBC}") = "Kalkulator", "Kalkulator\Kalkulator.csproj", "{8A248600-7A08-4932-AEE3-C4A599677609}"
EndProject
Global
	GlobalSection(SolutionConfigurationPlatforms) = preSolution
		Debug|Any CPU = Debug|Any CPU
		Release|Any CPU = Release|Any CPU
	EndGlobalSection
	GlobalSection(ProjectConfigurationPlatforms) = postSolution
		{8A248600-7A08-4932-AEE3-C4A599677609}.Debug|Any CPU.ActiveCfg = Debug|Any CPU
		{8A248600-7A08-4932-AEE3-C4A599677609}.Debug|Any CPU.Build.0 = Debug|Any CPU
		{8A248600-7A08-4932-AEE3-C4A599677609}.Release|Any CPU.ActiveCfg = Release|Any CPU
		{8A248600-7A08-4932-AEE3-C4A599677609}.Release|Any CPU.Build.0 = Release|Any CPU
	EndGlobalSection
	GlobalSection(SolutionProperties) = preSolution
		HideSolutionNode = FALSE
	EndGlobalSection
	GlobalSection(ExtensibilityGlobals) = postSolution
		SolutionGuid = {832FF0C9-99CE-401E-8AAF-78DDFF65278F}
	EndGlobalSection
EndGlobal
